{
  "version": 4,
  "terraform_version": "1.5.7",
  "serial": 1,
  "lineage": "1dc16bf6-6abf-5c3b-29bf-e03211a183f8",
  "outputs": {},
  "resources": [
    {
      "mode": "managed",
      "type": "azurerm_frontdoor",
      "name": "frontdoor",
      "provider": "provider[\"registry.terraform.io/hashicorp/azurerm\"]",
      "instances": [
        {
          "schema_version": 2,
          "attributes": {
            "backend_pool": [
              {
                "backend": [
                  {
                    "address": "34.148.165.182",
                    "enabled": true,
                    "host_header": "34.148.165.182",
                    "http_port": 80,
                    "https_port": 443,
                    "priority": 1,
                    "weight": 50
                  },
                  {
                    "address": "4.156.166.217",
                    "enabled": true,
                    "host_header": "4.156.166.217",
                    "http_port": 80,
                    "https_port": 443,
                    "priority": 1,
                    "weight": 50
                  }
                ],
                "health_probe_name": "probelogin",
                "id": "/subscriptions/bd458d0e-376e-42a2-b0de-00a3aa581df0/resourceGroups/lab2group/providers/Microsoft.Network/frontDoors/qinlinjfrontdoor/backendPools/wecloudbackendloginprofile",
                "load_balancing_name": "wecloudloadbalancer",
                "name": "wecloudbackendloginprofile"
              },
              {
                "backend": [
                  {
                    "address": "34.148.165.182",
                    "enabled": true,
                    "host_header": "34.148.165.182",
                    "http_port": 80,
                    "https_port": 443,
                    "priority": 1,
                    "weight": 50
                  }
                ],
                "health_probe_name": "probechat",
                "id": "/subscriptions/bd458d0e-376e-42a2-b0de-00a3aa581df0/resourceGroups/lab2group/providers/Microsoft.Network/frontDoors/qinlinjfrontdoor/backendPools/wecloudbackendchat",
                "load_balancing_name": "wecloudloadbalancer",
                "name": "wecloudbackendchat"
              }
            ],
            "backend_pool_health_probe": [
              {
                "enabled": true,
                "id": "/subscriptions/bd458d0e-376e-42a2-b0de-00a3aa581df0/resourceGroups/lab2group/providers/Microsoft.Network/frontDoors/qinlinjfrontdoor/healthProbeSettings/probelogin",
                "interval_in_seconds": 30,
                "name": "probelogin",
                "path": "/login",
                "probe_method": "HEAD",
                "protocol": "Http"
              },
              {
                "enabled": true,
                "id": "/subscriptions/bd458d0e-376e-42a2-b0de-00a3aa581df0/resourceGroups/lab2group/providers/Microsoft.Network/frontDoors/qinlinjfrontdoor/healthProbeSettings/probechat",
                "interval_in_seconds": 30,
                "name": "probechat",
                "path": "/chat",
                "probe_method": "HEAD",
                "protocol": "Http"
              }
            ],
            "backend_pool_health_probes": {
              "probechat": "/subscriptions/bd458d0e-376e-42a2-b0de-00a3aa581df0/resourceGroups/lab2group/providers/Microsoft.Network/frontDoors/qinlinjfrontdoor/healthProbeSettings/probechat",
              "probelogin": "/subscriptions/bd458d0e-376e-42a2-b0de-00a3aa581df0/resourceGroups/lab2group/providers/Microsoft.Network/frontDoors/qinlinjfrontdoor/healthProbeSettings/probelogin"
            },
            "backend_pool_load_balancing": [
              {
                "additional_latency_milliseconds": 50,
                "id": "/subscriptions/bd458d0e-376e-42a2-b0de-00a3aa581df0/resourceGroups/lab2group/providers/Microsoft.Network/frontDoors/qinlinjfrontdoor/loadBalancingSettings/wecloudloadbalancer",
                "name": "wecloudloadbalancer",
                "sample_size": 4,
                "successful_samples_required": 2
              }
            ],
            "backend_pool_load_balancing_settings": {
              "wecloudloadbalancer": "/subscriptions/bd458d0e-376e-42a2-b0de-00a3aa581df0/resourceGroups/lab2group/providers/Microsoft.Network/frontDoors/qinlinjfrontdoor/loadBalancingSettings/wecloudloadbalancer"
            },
            "backend_pool_settings": [
              {
                "backend_pools_send_receive_timeout_seconds": 0,
                "enforce_backend_pools_certificate_name_check": false
              }
            ],
            "backend_pools": {
              "wecloudbackendchat": "/subscriptions/bd458d0e-376e-42a2-b0de-00a3aa581df0/resourceGroups/lab2group/providers/Microsoft.Network/frontDoors/qinlinjfrontdoor/backendPools/wecloudbackendchat",
              "wecloudbackendloginprofile": "/subscriptions/bd458d0e-376e-42a2-b0de-00a3aa581df0/resourceGroups/lab2group/providers/Microsoft.Network/frontDoors/qinlinjfrontdoor/backendPools/wecloudbackendloginprofile"
            },
            "cname": "qinlinjfrontdoor.azurefd.net",
            "explicit_resource_order": [
              {
                "backend_pool_health_probe_ids": [
                  "/subscriptions/bd458d0e-376e-42a2-b0de-00a3aa581df0/resourceGroups/lab2group/providers/Microsoft.Network/frontDoors/qinlinjfrontdoor/healthProbeSettings/probelogin",
                  "/subscriptions/bd458d0e-376e-42a2-b0de-00a3aa581df0/resourceGroups/lab2group/providers/Microsoft.Network/frontDoors/qinlinjfrontdoor/healthProbeSettings/probechat"
                ],
                "backend_pool_ids": [
                  "/subscriptions/bd458d0e-376e-42a2-b0de-00a3aa581df0/resourceGroups/lab2group/providers/Microsoft.Network/frontDoors/qinlinjfrontdoor/backendPools/wecloudbackendloginprofile",
                  "/subscriptions/bd458d0e-376e-42a2-b0de-00a3aa581df0/resourceGroups/lab2group/providers/Microsoft.Network/frontDoors/qinlinjfrontdoor/backendPools/wecloudbackendchat"
                ],
                "backend_pool_load_balancing_ids": [
                  "/subscriptions/bd458d0e-376e-42a2-b0de-00a3aa581df0/resourceGroups/lab2group/providers/Microsoft.Network/frontDoors/qinlinjfrontdoor/loadBalancingSettings/wecloudloadbalancer"
                ],
                "frontend_endpoint_ids": [
                  "/subscriptions/bd458d0e-376e-42a2-b0de-00a3aa581df0/resourceGroups/lab2group/providers/Microsoft.Network/frontDoors/qinlinjfrontdoor/frontendEndpoints/frontendEndpoint"
                ],
                "routing_rule_ids": [
                  "/subscriptions/bd458d0e-376e-42a2-b0de-00a3aa581df0/resourceGroups/lab2group/providers/Microsoft.Network/frontDoors/qinlinjfrontdoor/routingRules/loginprofilerouting",
                  "/subscriptions/bd458d0e-376e-42a2-b0de-00a3aa581df0/resourceGroups/lab2group/providers/Microsoft.Network/frontDoors/qinlinjfrontdoor/routingRules/chatrouting"
                ]
              }
            ],
            "friendly_name": "",
            "frontend_endpoint": [
              {
                "host_name": "qinlinjfrontdoor.azurefd.net",
                "id": "/subscriptions/bd458d0e-376e-42a2-b0de-00a3aa581df0/resourceGroups/lab2group/providers/Microsoft.Network/frontDoors/qinlinjfrontdoor/frontendEndpoints/frontendEndpoint",
                "name": "frontendEndpoint",
                "session_affinity_enabled": false,
                "session_affinity_ttl_seconds": 0,
                "web_application_firewall_policy_link_id": ""
              }
            ],
            "frontend_endpoints": {
              "frontendEndpoint": "/subscriptions/bd458d0e-376e-42a2-b0de-00a3aa581df0/resourceGroups/lab2group/providers/Microsoft.Network/frontDoors/qinlinjfrontdoor/frontendEndpoints/frontendEndpoint"
            },
            "header_frontdoor_id": "19257d25-e9d5-458f-b715-04dbf01e12bc",
            "id": "/subscriptions/bd458d0e-376e-42a2-b0de-00a3aa581df0/resourceGroups/lab2group/providers/Microsoft.Network/frontDoors/qinlinjfrontdoor",
            "load_balancer_enabled": true,
            "name": "qinlinjfrontdoor",
            "resource_group_name": "lab2group",
            "routing_rule": [
              {
                "accepted_protocols": [
                  "Http"
                ],
                "enabled": true,
                "forwarding_configuration": [
                  {
                    "backend_pool_name": "wecloudbackendloginprofile",
                    "cache_duration": "",
                    "cache_enabled": false,
                    "cache_query_parameter_strip_directive": "StripAll",
                    "cache_query_parameters": null,
                    "cache_use_dynamic_compression": false,
                    "custom_forwarding_path": "",
                    "forwarding_protocol": "HttpOnly"
                  }
                ],
                "frontend_endpoints": [
                  "frontendEndpoint"
                ],
                "id": "/subscriptions/bd458d0e-376e-42a2-b0de-00a3aa581df0/resourceGroups/lab2group/providers/Microsoft.Network/frontDoors/qinlinjfrontdoor/routingRules/loginprofilerouting",
                "name": "loginprofilerouting",
                "patterns_to_match": [
                  "/login",
                  "/profile"
                ],
                "redirect_configuration": []
              },
              {
                "accepted_protocols": [
                  "Http"
                ],
                "enabled": true,
                "forwarding_configuration": [
                  {
                    "backend_pool_name": "wecloudbackendchat",
                    "cache_duration": "",
                    "cache_enabled": false,
                    "cache_query_parameter_strip_directive": "StripAll",
                    "cache_query_parameters": null,
                    "cache_use_dynamic_compression": false,
                    "custom_forwarding_path": "",
                    "forwarding_protocol": "HttpOnly"
                  }
                ],
                "frontend_endpoints": [
                  "frontendEndpoint"
                ],
                "id": "/subscriptions/bd458d0e-376e-42a2-b0de-00a3aa581df0/resourceGroups/lab2group/providers/Microsoft.Network/frontDoors/qinlinjfrontdoor/routingRules/chatrouting",
                "name": "chatrouting",
                "patterns_to_match": [
                  "/chat",
                  "/chat/*"
                ],
                "redirect_configuration": []
              }
            ],
            "routing_rules": {
              "chatrouting": "/subscriptions/bd458d0e-376e-42a2-b0de-00a3aa581df0/resourceGroups/lab2group/providers/Microsoft.Network/frontDoors/qinlinjfrontdoor/routingRules/chatrouting",
              "loginprofilerouting": "/subscriptions/bd458d0e-376e-42a2-b0de-00a3aa581df0/resourceGroups/lab2group/providers/Microsoft.Network/frontDoors/qinlinjfrontdoor/routingRules/loginprofilerouting"
            },
            "tags": null,
            "timeouts": null
          },
          "sensitive_attributes": [],
          "private": "eyJlMmJmYjczMC1lY2FhLTExZTYtOGY4OC0zNDM2M2JjN2M0YzAiOnsiY3JlYXRlIjoyMTYwMDAwMDAwMDAwMCwiZGVsZXRlIjoyMTYwMDAwMDAwMDAwMCwicmVhZCI6MzAwMDAwMDAwMDAwLCJ1cGRhdGUiOjIxNjAwMDAwMDAwMDAwfSwic2NoZW1hX3ZlcnNpb24iOiIyIn0="
        }
      ]
    }
  ],
  "check_results": null
}
